
Microsoft Visual Studio Solution File, Format Version 12.00
# Visual Studio Version 17
VisualStudioVersion = 17.13.35825.156 d17.13
MinimumVisualStudioVersion = 10.0.40219.1
Project("{FAE04EC0-301F-11D3-BF4B-00C04F79EFBC}") = "LogisticsSim", "LogisticsSim.csproj", "{A37575E5-18A8-4F4E-3AE3-5714D39DC4F4}"
EndProject
Global
	GlobalSection(SolutionConfigurationPlatforms) = preSolution
		Debug|Any CPU = Debug|Any CPU
		Release|Any CPU = Release|Any CPU
	EndGlobalSection
	GlobalSection(ProjectConfigurationPlatforms) = postSolution
		{A37575E5-18A8-4F4E-3AE3-5714D39DC4F4}.Debug|Any CPU.ActiveCfg = Debug|Any CPU
		{A37575E5-18A8-4F4E-3AE3-5714D39DC4F4}.Debug|Any CPU.Build.0 = Debug|Any CPU
		{A37575E5-18A8-4F4E-3AE3-5714D39DC4F4}.Release|Any CPU.ActiveCfg = Release|Any CPU
		{A37575E5-18A8-4F4E-3AE3-5714D39DC4F4}.Release|Any CPU.Build.0 = Release|Any CPU
	EndGlobalSection
	GlobalSection(SolutionProperties) = preSolution
		HideSolutionNode = FALSE
	EndGlobalSection
	GlobalSection(ExtensibilityGlobals) = postSolution
		SolutionGuid = {CF6ACC21-A8D5-4542-BFD6-216993C719EF}
	EndGlobalSection
EndGlobal
